
Microsoft Visual Studio Solution File, Format Version 12.00
# Visual Studio 15
VisualStudioVersion = 15.0.27703.2035
MinimumVisualStudioVersion = 10.0.40219.1
Project("{FAE04EC0-301F-11D3-BF4B-00C04F79EFBC}") = "Admission", "Admission\Admission.csproj", "{2D5A8792-C2C7-48ED-8876-9EFDF3833AA1}"
EndProject
Global
	GlobalSection(SolutionConfigurationPlatforms) = preSolution
		Debug|Any CPU = Debug|Any CPU
		Release|Any CPU = Release|Any CPU
	EndGlobalSection
	GlobalSection(ProjectConfigurationPlatforms) = postSolution
		{2D5A8792-C2C7-48ED-8876-9EFDF3833AA1}.Debug|Any CPU.ActiveCfg = Debug|Any CPU
		{2D5A8792-C2C7-48ED-8876-9EFDF3833AA1}.Debug|Any CPU.Build.0 = Debug|Any CPU
		{2D5A8792-C2C7-48ED-8876-9EFDF3833AA1}.Release|Any CPU.ActiveCfg = Release|Any CPU
		{2D5A8792-C2C7-48ED-8876-9EFDF3833AA1}.Release|Any CPU.Build.0 = Release|Any CPU
	EndGlobalSection
	GlobalSection(SolutionProperties) = preSolution
		HideSolutionNode = FALSE
	EndGlobalSection
	GlobalSection(ExtensibilityGlobals) = postSolution
		SolutionGuid = {38AD29E2-ABBD-4042-94DD-6A17D906266B}
	EndGlobalSection
EndGlobal
