
Microsoft Visual Studio Solution File, Format Version 12.00
# Visual Studio 15
VisualStudioVersion = 15.0.27703.2035
MinimumVisualStudioVersion = 10.0.40219.1
Project("{FAE04EC0-301F-11D3-BF4B-00C04F79EFBC}") = "RockPaperScissors", "RockPaperScissors\RockPaperScissors.csproj", "{546FB3BA-6D63-4D50-A5E3-09F4960CDF6B}"
EndProject
Global
	GlobalSection(SolutionConfigurationPlatforms) = preSolution
		Debug|Any CPU = Debug|Any CPU
		Release|Any CPU = Release|Any CPU
	EndGlobalSection
	GlobalSection(ProjectConfigurationPlatforms) = postSolution
		{546FB3BA-6D63-4D50-A5E3-09F4960CDF6B}.Debug|Any CPU.ActiveCfg = Debug|Any CPU
		{546FB3BA-6D63-4D50-A5E3-09F4960CDF6B}.Debug|Any CPU.Build.0 = Debug|Any CPU
		{546FB3BA-6D63-4D50-A5E3-09F4960CDF6B}.Release|Any CPU.ActiveCfg = Release|Any CPU
		{546FB3BA-6D63-4D50-A5E3-09F4960CDF6B}.Release|Any CPU.Build.0 = Release|Any CPU
	EndGlobalSection
	GlobalSection(SolutionProperties) = preSolution
		HideSolutionNode = FALSE
	EndGlobalSection
	GlobalSection(ExtensibilityGlobals) = postSolution
		SolutionGuid = {C24E4F02-9D94-40FA-A101-3D2E3552ACB7}
	EndGlobalSection
EndGlobal
